// !$*UTF8*$!
{
	archiveVersion = 1;
	classes = {
	};
	objectVersion = 55;
	objects = {

/* Begin PBXBuildFile section */
		2E1FDBFB28A8781B00F24114 /* HistoryYearUITableViewController.swift in Sources */ = {isa = PBXBuildFile; fileRef = 2E1FDBFA28A8781B00F24114 /* HistoryYearUITableViewController.swift */; };
		2E59BD4328B1B7DB008B5A6F /* SpendingDetailViewController.swift in Sources */ = {isa = PBXBuildFile; fileRef = 2E59BD4228B1B7DB008B5A6F /* SpendingDetailViewController.swift */; };
		2E625D5D28A1EFC40007CD54 /* RegisterMoneyTableViewController.swift in Sources */ = {isa = PBXBuildFile; fileRef = 2E625D5C28A1EFC40007CD54 /* RegisterMoneyTableViewController.swift */; };
		2E625D5F28A207CD0007CD54 /* RegisterMoneyViewController.swift in Sources */ = {isa = PBXBuildFile; fileRef = 2E625D5E28A207CD0007CD54 /* RegisterMoneyViewController.swift */; };
		2E625D7A28A21C160007CD54 /* SpendingDao.swift in Sources */ = {isa = PBXBuildFile; fileRef = 2E625D7928A21C160007CD54 /* SpendingDao.swift */; };
		2E713F1228A0A84200D3C7E8 /* AppDelegate.swift in Sources */ = {isa = PBXBuildFile; fileRef = 2E713F1128A0A84200D3C7E8 /* AppDelegate.swift */; };
		2E713F1428A0A84200D3C7E8 /* SceneDelegate.swift in Sources */ = {isa = PBXBuildFile; fileRef = 2E713F1328A0A84200D3C7E8 /* SceneDelegate.swift */; };
		2E713F1928A0A84200D3C7E8 /* Main.storyboard in Resources */ = {isa = PBXBuildFile; fileRef = 2E713F1728A0A84200D3C7E8 /* Main.storyboard */; };
		2E713F1C28A0A84200D3C7E8 /* MyPocketMoneyManager.xcdatamodeld in Sources */ = {isa = PBXBuildFile; fileRef = 2E713F1A28A0A84200D3C7E8 /* MyPocketMoneyManager.xcdatamodeld */; };
		2E713F1E28A0A84300D3C7E8 /* Assets.xcassets in Resources */ = {isa = PBXBuildFile; fileRef = 2E713F1D28A0A84300D3C7E8 /* Assets.xcassets */; };
		2E713F2128A0A84300D3C7E8 /* LaunchScreen.storyboard in Resources */ = {isa = PBXBuildFile; fileRef = 2E713F1F28A0A84300D3C7E8 /* LaunchScreen.storyboard */; };
		2E713F2B28A0B64400D3C7E8 /* RegisterTagViewController.swift in Sources */ = {isa = PBXBuildFile; fileRef = 2E713F2A28A0B64400D3C7E8 /* RegisterTagViewController.swift */; };
		2E713F3128A0C96A00D3C7E8 /* TagListTableViewController.swift in Sources */ = {isa = PBXBuildFile; fileRef = 2E713F3028A0C96A00D3C7E8 /* TagListTableViewController.swift */; };
		2EB55BB328A247D500D3F948 /* SettingTableViewController.swift in Sources */ = {isa = PBXBuildFile; fileRef = 2EB55BB228A247D500D3F948 /* SettingTableViewController.swift */; };
		2EB55BC028A34E6800D3F948 /* DateUtils.swift in Sources */ = {isa = PBXBuildFile; fileRef = 2EB55BBF28A34E6800D3F948 /* DateUtils.swift */; };
		2EBE77F328C34B89002E8CD4 /* SpendingDto.swift in Sources */ = {isa = PBXBuildFile; fileRef = 2EBE77F228C34B89002E8CD4 /* SpendingDto.swift */; };
		2ED144D628B1B1A900F2F762 /* HistoryMonthUITableViewController.swift in Sources */ = {isa = PBXBuildFile; fileRef = 2ED144D528B1B1A900F2F762 /* HistoryMonthUITableViewController.swift */; };
		2EE0886828A1DE80006FF758 /* TagDao.swift in Sources */ = {isa = PBXBuildFile; fileRef = 2EE0886728A1DE80006FF758 /* TagDao.swift */; };
		AC9D9BD9CC75AE617E2E35C1 /* Pods_MyPocketMoneyManager.framework in Frameworks */ = {isa = PBXBuildFile; fileRef = 91C2DAD4BEBA6BE79A94A43D /* Pods_MyPocketMoneyManager.framework */; };
/* End PBXBuildFile section */

/* Begin PBXFileReference section */
		0C5E8F5CE39EFF1EF3293036 /* Pods-MyPocketMoneyManager.release.xcconfig */ = {isa = PBXFileReference; includeInIndex = 1; lastKnownFileType = text.xcconfig; name = "Pods-MyPocketMoneyManager.release.xcconfig"; path = "Target Support Files/Pods-MyPocketMoneyManager/Pods-MyPocketMoneyManager.release.xcconfig"; sourceTree = "<group>"; };
		2E1FDBFA28A8781B00F24114 /* HistoryYearUITableViewController.swift */ = {isa = PBXFileReference; lastKnownFileType = sourcecode.swift; path = HistoryYearUITableViewController.swift; sourceTree = "<group>"; };
		2E59BD4228B1B7DB008B5A6F /* SpendingDetailViewController.swift */ = {isa = PBXFileReference; lastKnownFileType = sourcecode.swift; path = SpendingDetailViewController.swift; sourceTree = "<group>"; };
		2E625D5C28A1EFC40007CD54 /* RegisterMoneyTableViewController.swift */ = {isa = PBXFileReference; lastKnownFileType = sourcecode.swift; path = RegisterMoneyTableViewController.swift; sourceTree = "<group>"; };
		2E625D5E28A207CD0007CD54 /* RegisterMoneyViewController.swift */ = {isa = PBXFileReference; lastKnownFileType = sourcecode.swift; path = RegisterMoneyViewController.swift; sourceTree = "<group>"; };
		2E625D7928A21C160007CD54 /* SpendingDao.swift */ = {isa = PBXFileReference; lastKnownFileType = sourcecode.swift; path = SpendingDao.swift; sourceTree = "<group>"; };
		2E713F0E28A0A84200D3C7E8 /* MyPocketMoneyManager.app */ = {isa = PBXFileReference; explicitFileType = wrapper.application; includeInIndex = 0; path = MyPocketMoneyManager.app; sourceTree = BUILT_PRODUCTS_DIR; };
		2E713F1128A0A84200D3C7E8 /* AppDelegate.swift */ = {isa = PBXFileReference; lastKnownFileType = sourcecode.swift; path = AppDelegate.swift; sourceTree = "<group>"; };
		2E713F1328A0A84200D3C7E8 /* SceneDelegate.swift */ = {isa = PBXFileReference; lastKnownFileType = sourcecode.swift; path = SceneDelegate.swift; sourceTree = "<group>"; };
		2E713F1828A0A84200D3C7E8 /* Base */ = {isa = PBXFileReference; lastKnownFileType = file.storyboard; name = Base; path = Base.lproj/Main.storyboard; sourceTree = "<group>"; };
		2E713F1B28A0A84200D3C7E8 /* EasyPcketMoneyManager.xcdatamodel */ = {isa = PBXFileReference; lastKnownFileType = wrapper.xcdatamodel; path = EasyPcketMoneyManager.xcdatamodel; sourceTree = "<group>"; };
		2E713F1D28A0A84300D3C7E8 /* Assets.xcassets */ = {isa = PBXFileReference; lastKnownFileType = folder.assetcatalog; path = Assets.xcassets; sourceTree = "<group>"; };
		2E713F2028A0A84300D3C7E8 /* Base */ = {isa = PBXFileReference; lastKnownFileType = file.storyboard; name = Base; path = Base.lproj/LaunchScreen.storyboard; sourceTree = "<group>"; };
		2E713F2228A0A84300D3C7E8 /* Info.plist */ = {isa = PBXFileReference; lastKnownFileType = text.plist.xml; path = Info.plist; sourceTree = "<group>"; };
		2E713F2A28A0B64400D3C7E8 /* RegisterTagViewController.swift */ = {isa = PBXFileReference; lastKnownFileType = sourcecode.swift; path = RegisterTagViewController.swift; sourceTree = "<group>"; };
		2E713F3028A0C96A00D3C7E8 /* TagListTableViewController.swift */ = {isa = PBXFileReference; lastKnownFileType = sourcecode.swift; path = TagListTableViewController.swift; sourceTree = "<group>"; };
		2EB55BB228A247D500D3F948 /* SettingTableViewController.swift */ = {isa = PBXFileReference; lastKnownFileType = sourcecode.swift; path = SettingTableViewController.swift; sourceTree = "<group>"; };
		2EB55BBF28A34E6800D3F948 /* DateUtils.swift */ = {isa = PBXFileReference; lastKnownFileType = sourcecode.swift; path = DateUtils.swift; sourceTree = "<group>"; };
		2EBE77F228C34B89002E8CD4 /* SpendingDto.swift */ = {isa = PBXFileReference; lastKnownFileType = sourcecode.swift; path = SpendingDto.swift; sourceTree = "<group>"; };
		2ED144D528B1B1A900F2F762 /* HistoryMonthUITableViewController.swift */ = {isa = PBXFileReference; lastKnownFileType = sourcecode.swift; path = HistoryMonthUITableViewController.swift; sourceTree = "<group>"; };
		2EE0886728A1DE80006FF758 /* TagDao.swift */ = {isa = PBXFileReference; lastKnownFileType = sourcecode.swift; path = TagDao.swift; sourceTree = "<group>"; };
		50AF99E93CA4B00F66FAD750 /* Pods-MyPcketMoneyManager.debug.xcconfig */ = {isa = PBXFileReference; includeInIndex = 1; lastKnownFileType = text.xcconfig; name = "Pods-MyPcketMoneyManager.debug.xcconfig"; path = "Target Support Files/Pods-MyPcketMoneyManager/Pods-MyPcketMoneyManager.debug.xcconfig"; sourceTree = "<group>"; };
		7AC37F726BF94E2D2599715D /* Pods-MyPcketMoneyManager.release.xcconfig */ = {isa = PBXFileReference; includeInIndex = 1; lastKnownFileType = text.xcconfig; name = "Pods-MyPcketMoneyManager.release.xcconfig"; path = "Target Support Files/Pods-MyPcketMoneyManager/Pods-MyPcketMoneyManager.release.xcconfig"; sourceTree = "<group>"; };
		8598A097C069434909FE348F /* Pods-MyPocketMoneyManager.debug.xcconfig */ = {isa = PBXFileReference; includeInIndex = 1; lastKnownFileType = text.xcconfig; name = "Pods-MyPocketMoneyManager.debug.xcconfig"; path = "Target Support Files/Pods-MyPocketMoneyManager/Pods-MyPocketMoneyManager.debug.xcconfig"; sourceTree = "<group>"; };
		91C2DAD4BEBA6BE79A94A43D /* Pods_MyPocketMoneyManager.framework */ = {isa = PBXFileReference; explicitFileType = wrapper.framework; includeInIndex = 0; path = Pods_MyPocketMoneyManager.framework; sourceTree = BUILT_PRODUCTS_DIR; };
		9616C118324097556AB8576A /* Pods-EasyPcketMoneyManager.debug.xcconfig */ = {isa = PBXFileReference; includeInIndex = 1; lastKnownFileType = text.xcconfig; name = "Pods-EasyPcketMoneyManager.debug.xcconfig"; path = "Target Support Files/Pods-EasyPcketMoneyManager/Pods-EasyPcketMoneyManager.debug.xcconfig"; sourceTree = "<group>"; };
		B199DF7117B29A280B2D0ADB /* Pods-EasyPcketMoneyManager.release.xcconfig */ = {isa = PBXFileReference; includeInIndex = 1; lastKnownFileType = text.xcconfig; name = "Pods-EasyPcketMoneyManager.release.xcconfig"; path = "Target Support Files/Pods-EasyPcketMoneyManager/Pods-EasyPcketMoneyManager.release.xcconfig"; sourceTree = "<group>"; };
/* End PBXFileReference section */

/* Begin PBXFrameworksBuildPhase section */
		2E713F0B28A0A84200D3C7E8 /* Frameworks */ = {
			isa = PBXFrameworksBuildPhase;
			buildActionMask = 2147483647;
			files = (
				AC9D9BD9CC75AE617E2E35C1 /* Pods_MyPocketMoneyManager.framework in Frameworks */,
			);
			runOnlyForDeploymentPostprocessing = 0;
		};
/* End PBXFrameworksBuildPhase section */

/* Begin PBXGroup section */
		2E1FDBF928A8772B00F24114 /* History */ = {
			isa = PBXGroup;
			children = (
				2E1FDBFA28A8781B00F24114 /* HistoryYearUITableViewController.swift */,
				2ED144D528B1B1A900F2F762 /* HistoryMonthUITableViewController.swift */,
				2E59BD4228B1B7DB008B5A6F /* SpendingDetailViewController.swift */,
			);
			path = History;
			sourceTree = "<group>";
		};
		2E713F0528A0A84200D3C7E8 = {
			isa = PBXGroup;
			children = (
				2E713F1028A0A84200D3C7E8 /* MyPocketMoneyManager */,
				2E713F0F28A0A84200D3C7E8 /* Products */,
				B2A26167B8BA7C8CC4A82A73 /* Pods */,
				8825707FBC00643DE6F12561 /* Frameworks */,
			);
			sourceTree = "<group>";
		};
		2E713F0F28A0A84200D3C7E8 /* Products */ = {
			isa = PBXGroup;
			children = (
				2E713F0E28A0A84200D3C7E8 /* MyPocketMoneyManager.app */,
			);
			name = Products;
			sourceTree = "<group>";
		};
		2E713F1028A0A84200D3C7E8 /* MyPocketMoneyManager */ = {
			isa = PBXGroup;
			children = (
				2E713F2928A0B1E700D3C7E8 /* ViewController */,
				2E713F2828A0B1DD00D3C7E8 /* Dao */,
				2EB55BBE28A34E4800D3F948 /* Util */,
				2E713F1128A0A84200D3C7E8 /* AppDelegate.swift */,
				2E713F1328A0A84200D3C7E8 /* SceneDelegate.swift */,
				2E713F1728A0A84200D3C7E8 /* Main.storyboard */,
				2E713F1D28A0A84300D3C7E8 /* Assets.xcassets */,
				2E713F1F28A0A84300D3C7E8 /* LaunchScreen.storyboard */,
				2E713F2228A0A84300D3C7E8 /* Info.plist */,
				2E713F1A28A0A84200D3C7E8 /* MyPocketMoneyManager.xcdatamodeld */,
			);
			path = MyPocketMoneyManager;
			sourceTree = "<group>";
		};
		2E713F2828A0B1DD00D3C7E8 /* Dao */ = {
			isa = PBXGroup;
			children = (
				2EBE77F128C34B73002E8CD4 /* Dto */,
				2EE0886728A1DE80006FF758 /* TagDao.swift */,
				2E625D7928A21C160007CD54 /* SpendingDao.swift */,
			);
			path = Dao;
			sourceTree = "<group>";
		};
		2E713F2928A0B1E700D3C7E8 /* ViewController */ = {
			isa = PBXGroup;
			children = (
				2EB55BB528A2584800D3F948 /* RegisterTab */,
				2E1FDBF928A8772B00F24114 /* History */,
				2EB55BB428A2581E00D3F948 /* SettingTab */,
			);
			path = ViewController;
			sourceTree = "<group>";
		};
		2EB55BB428A2581E00D3F948 /* SettingTab */ = {
			isa = PBXGroup;
			children = (
				2EB55BB228A247D500D3F948 /* SettingTableViewController.swift */,
				2E713F3028A0C96A00D3C7E8 /* TagListTableViewController.swift */,
				2E713F2A28A0B64400D3C7E8 /* RegisterTagViewController.swift */,
			);
			path = SettingTab;
			sourceTree = "<group>";
		};
		2EB55BB528A2584800D3F948 /* RegisterTab */ = {
			isa = PBXGroup;
			children = (
				2E625D5C28A1EFC40007CD54 /* RegisterMoneyTableViewController.swift */,
				2E625D5E28A207CD0007CD54 /* RegisterMoneyViewController.swift */,
			);
			path = RegisterTab;
			sourceTree = "<group>";
		};
		2EB55BBE28A34E4800D3F948 /* Util */ = {
			isa = PBXGroup;
			children = (
				2EB55BBF28A34E6800D3F948 /* DateUtils.swift */,
			);
			path = Util;
			sourceTree = "<group>";
		};
		2EBE77F128C34B73002E8CD4 /* Dto */ = {
			isa = PBXGroup;
			children = (
				2EBE77F228C34B89002E8CD4 /* SpendingDto.swift */,
			);
			path = Dto;
			sourceTree = "<group>";
		};
		8825707FBC00643DE6F12561 /* Frameworks */ = {
			isa = PBXGroup;
			children = (
				91C2DAD4BEBA6BE79A94A43D /* Pods_MyPocketMoneyManager.framework */,
			);
			name = Frameworks;
			sourceTree = "<group>";
		};
		B2A26167B8BA7C8CC4A82A73 /* Pods */ = {
			isa = PBXGroup;
			children = (
				9616C118324097556AB8576A /* Pods-EasyPcketMoneyManager.debug.xcconfig */,
				B199DF7117B29A280B2D0ADB /* Pods-EasyPcketMoneyManager.release.xcconfig */,
				50AF99E93CA4B00F66FAD750 /* Pods-MyPcketMoneyManager.debug.xcconfig */,
				7AC37F726BF94E2D2599715D /* Pods-MyPcketMoneyManager.release.xcconfig */,
				8598A097C069434909FE348F /* Pods-MyPocketMoneyManager.debug.xcconfig */,
				0C5E8F5CE39EFF1EF3293036 /* Pods-MyPocketMoneyManager.release.xcconfig */,
			);
			path = Pods;
			sourceTree = "<group>";
		};
/* End PBXGroup section */

/* Begin PBXNativeTarget section */
		2E713F0D28A0A84200D3C7E8 /* MyPocketMoneyManager */ = {
			isa = PBXNativeTarget;
			buildConfigurationList = 2E713F2528A0A84300D3C7E8 /* Build configuration list for PBXNativeTarget "MyPocketMoneyManager" */;
			buildPhases = (
				2B533658939ACF504ED3DB0E /* [CP] Check Pods Manifest.lock */,
				2E713F0A28A0A84200D3C7E8 /* Sources */,
				2E713F0B28A0A84200D3C7E8 /* Frameworks */,
				2E713F0C28A0A84200D3C7E8 /* Resources */,
				4A940803BB87BB7520A11FE1 /* [CP] Copy Pods Resources */,
			);
			buildRules = (
			);
			dependencies = (
			);
			name = MyPocketMoneyManager;
			productName = EasyPcketMoneyManager;
			productReference = 2E713F0E28A0A84200D3C7E8 /* MyPocketMoneyManager.app */;
			productType = "com.apple.product-type.application";
		};
/* End PBXNativeTarget section */

/* Begin PBXProject section */
		2E713F0628A0A84200D3C7E8 /* Project object */ = {
			isa = PBXProject;
			attributes = {
				BuildIndependentTargetsInParallel = 1;
				LastSwiftUpdateCheck = 1340;
				LastUpgradeCheck = 1340;
				TargetAttributes = {
					2E713F0D28A0A84200D3C7E8 = {
						CreatedOnToolsVersion = 13.4.1;
					};
				};
			};
			buildConfigurationList = 2E713F0928A0A84200D3C7E8 /* Build configuration list for PBXProject "MyPocketMoneyManager" */;
			compatibilityVersion = "Xcode 13.0";
			developmentRegion = en;
			hasScannedForEncodings = 0;
			knownRegions = (
				en,
				Base,
			);
			mainGroup = 2E713F0528A0A84200D3C7E8;
			productRefGroup = 2E713F0F28A0A84200D3C7E8 /* Products */;
			projectDirPath = "";
			projectRoot = "";
			targets = (
				2E713F0D28A0A84200D3C7E8 /* MyPocketMoneyManager */,
			);
		};
/* End PBXProject section */

/* Begin PBXResourcesBuildPhase section */
		2E713F0C28A0A84200D3C7E8 /* Resources */ = {
			isa = PBXResourcesBuildPhase;
			buildActionMask = 2147483647;
			files = (
				2E713F2128A0A84300D3C7E8 /* LaunchScreen.storyboard in Resources */,
				2E713F1E28A0A84300D3C7E8 /* Assets.xcassets in Resources */,
				2E713F1928A0A84200D3C7E8 /* Main.storyboard in Resources */,
			);
			runOnlyForDeploymentPostprocessing = 0;
		};
/* End PBXResourcesBuildPhase section */

/* Begin PBXShellScriptBuildPhase section */
		2B533658939ACF504ED3DB0E /* [CP] Check Pods Manifest.lock */ = {
			isa = PBXShellScriptBuildPhase;
			buildActionMask = 2147483647;
			files = (
			);
			inputFileListPaths = (
			);
			inputPaths = (
				"${PODS_PODFILE_DIR_PATH}/Podfile.lock",
				"${PODS_ROOT}/Manifest.lock",
			);
			name = "[CP] Check Pods Manifest.lock";
			outputFileListPaths = (
			);
			outputPaths = (
				"$(DERIVED_FILE_DIR)/Pods-MyPocketMoneyManager-checkManifestLockResult.txt",
			);
			runOnlyForDeploymentPostprocessing = 0;
			shellPath = /bin/sh;
			shellScript = "diff \"${PODS_PODFILE_DIR_PATH}/Podfile.lock\" \"${PODS_ROOT}/Manifest.lock\" > /dev/null\nif [ $? != 0 ] ; then\n    # print error to STDERR\n    echo \"error: The sandbox is not in sync with the Podfile.lock. Run 'pod install' or update your CocoaPods installation.\" >&2\n    exit 1\nfi\n# This output is used by Xcode 'outputs' to avoid re-running this script phase.\necho \"SUCCESS\" > \"${SCRIPT_OUTPUT_FILE_0}\"\n";
			showEnvVarsInLog = 0;
		};
		4A940803BB87BB7520A11FE1 /* [CP] Copy Pods Resources */ = {
			isa = PBXShellScriptBuildPhase;
			buildActionMask = 2147483647;
			files = (
			);
			inputFileListPaths = (
				"${PODS_ROOT}/Target Support Files/Pods-MyPocketMoneyManager/Pods-MyPocketMoneyManager-resources-${CONFIGURATION}-input-files.xcfilelist",
			);
			name = "[CP] Copy Pods Resources";
			outputFileListPaths = (
				"${PODS_ROOT}/Target Support Files/Pods-MyPocketMoneyManager/Pods-MyPocketMoneyManager-resources-${CONFIGURATION}-output-files.xcfilelist",
			);
			runOnlyForDeploymentPostprocessing = 0;
			shellPath = /bin/sh;
			shellScript = "\"${PODS_ROOT}/Target Support Files/Pods-MyPocketMoneyManager/Pods-MyPocketMoneyManager-resources.sh\"\n";
			showEnvVarsInLog = 0;
		};
/* End PBXShellScriptBuildPhase section */

/* Begin PBXSourcesBuildPhase section */
		2E713F0A28A0A84200D3C7E8 /* Sources */ = {
			isa = PBXSourcesBuildPhase;
			buildActionMask = 2147483647;
			files = (
				2E625D5F28A207CD0007CD54 /* RegisterMoneyViewController.swift in Sources */,
				2E1FDBFB28A8781B00F24114 /* HistoryYearUITableViewController.swift in Sources */,
				2E713F1228A0A84200D3C7E8 /* AppDelegate.swift in Sources */,
				2EE0886828A1DE80006FF758 /* TagDao.swift in Sources */,
				2E713F3128A0C96A00D3C7E8 /* TagListTableViewController.swift in Sources */,
				2ED144D628B1B1A900F2F762 /* HistoryMonthUITableViewController.swift in Sources */,
				2EB55BB328A247D500D3F948 /* SettingTableViewController.swift in Sources */,
				2E713F2B28A0B64400D3C7E8 /* RegisterTagViewController.swift in Sources */,
				2E713F1C28A0A84200D3C7E8 /* MyPocketMoneyManager.xcdatamodeld in Sources */,
				2EBE77F328C34B89002E8CD4 /* SpendingDto.swift in Sources */,
				2E59BD4328B1B7DB008B5A6F /* SpendingDetailViewController.swift in Sources */,
				2E625D7A28A21C160007CD54 /* SpendingDao.swift in Sources */,
				2E713F1428A0A84200D3C7E8 /* SceneDelegate.swift in Sources */,
				2E625D5D28A1EFC40007CD54 /* RegisterMoneyTableViewController.swift in Sources */,
				2EB55BC028A34E6800D3F948 /* DateUtils.swift in Sources */,
			);
			runOnlyForDeploymentPostprocessing = 0;
		};
/* End PBXSourcesBuildPhase section */

/* Begin PBXVariantGroup section */
		2E713F1728A0A84200D3C7E8 /* Main.storyboard */ = {
			isa = PBXVariantGroup;
			children = (
				2E713F1828A0A84200D3C7E8 /* Base */,
			);
			name = Main.storyboard;
			sourceTree = "<group>";
		};
		2E713F1F28A0A84300D3C7E8 /* LaunchScreen.storyboard */ = {
			isa = PBXVariantGroup;
			children = (
				2E713F2028A0A84300D3C7E8 /* Base */,
			);
			name = LaunchScreen.storyboard;
			sourceTree = "<group>";
		};
/* End PBXVariantGroup section */

/* Begin XCBuildConfiguration section */
		2E713F2328A0A84300D3C7E8 /* Debug */ = {
			isa = XCBuildConfiguration;
			buildSettings = {
				ALWAYS_SEARCH_USER_PATHS = NO;
				CLANG_ANALYZER_NONNULL = YES;
				CLANG_ANALYZER_NUMBER_OBJECT_CONVERSION = YES_AGGRESSIVE;
				CLANG_CXX_LANGUAGE_STANDARD = "gnu++17";
				CLANG_ENABLE_MODULES = YES;
				CLANG_ENABLE_OBJC_ARC = YES;
				CLANG_ENABLE_OBJC_WEAK = YES;
				CLANG_WARN_BLOCK_CAPTURE_AUTORELEASING = YES;
				CLANG_WARN_BOOL_CONVERSION = YES;
				CLANG_WARN_COMMA = YES;
				CLANG_WARN_CONSTANT_CONVERSION = YES;
				CLANG_WARN_DEPRECATED_OBJC_IMPLEMENTATIONS = YES;
				CLANG_WARN_DIRECT_OBJC_ISA_USAGE = YES_ERROR;
				CLANG_WARN_DOCUMENTATION_COMMENTS = YES;
				CLANG_WARN_EMPTY_BODY = YES;
				CLANG_WARN_ENUM_CONVERSION = YES;
				CLANG_WARN_INFINITE_RECURSION = YES;
				CLANG_WARN_INT_CONVERSION = YES;
				CLANG_WARN_NON_LITERAL_NULL_CONVERSION = YES;
				CLANG_WARN_OBJC_IMPLICIT_RETAIN_SELF = YES;
				CLANG_WARN_OBJC_LITERAL_CONVERSION = YES;
				CLANG_WARN_OBJC_ROOT_CLASS = YES_ERROR;
				CLANG_WARN_QUOTED_INCLUDE_IN_FRAMEWORK_HEADER = YES;
				CLANG_WARN_RANGE_LOOP_ANALYSIS = YES;
				CLANG_WARN_STRICT_PROTOTYPES = YES;
				CLANG_WARN_SUSPICIOUS_MOVE = YES;
				CLANG_WARN_UNGUARDED_AVAILABILITY = YES_AGGRESSIVE;
				CLANG_WARN_UNREACHABLE_CODE = YES;
				CLANG_WARN__DUPLICATE_METHOD_MATCH = YES;
				COPY_PHASE_STRIP = NO;
				DEBUG_INFORMATION_FORMAT = dwarf;
				ENABLE_STRICT_OBJC_MSGSEND = YES;
				ENABLE_TESTABILITY = YES;
				GCC_C_LANGUAGE_STANDARD = gnu11;
				GCC_DYNAMIC_NO_PIC = NO;
				GCC_NO_COMMON_BLOCKS = YES;
				GCC_OPTIMIZATION_LEVEL = 0;
				GCC_PREPROCESSOR_DEFINITIONS = (
					"DEBUG=1",
					"$(inherited)",
				);
				GCC_WARN_64_TO_32_BIT_CONVERSION = YES;
				GCC_WARN_ABOUT_RETURN_TYPE = YES_ERROR;
				GCC_WARN_UNDECLARED_SELECTOR = YES;
				GCC_WARN_UNINITIALIZED_AUTOS = YES_AGGRESSIVE;
				GCC_WARN_UNUSED_FUNCTION = YES;
				GCC_WARN_UNUSED_VARIABLE = YES;
				IPHONEOS_DEPLOYMENT_TARGET = 15.5;
				MTL_ENABLE_DEBUG_INFO = INCLUDE_SOURCE;
				MTL_FAST_MATH = YES;
				ONLY_ACTIVE_ARCH = YES;
				SDKROOT = iphoneos;
				SWIFT_ACTIVE_COMPILATION_CONDITIONS = DEBUG;
				SWIFT_OPTIMIZATION_LEVEL = "-Onone";
			};
			name = Debug;
		};
		2E713F2428A0A84300D3C7E8 /* Release */ = {
			isa = XCBuildConfiguration;
			buildSettings = {
				ALWAYS_SEARCH_USER_PATHS = NO;
				CLANG_ANALYZER_NONNULL = YES;
				CLANG_ANALYZER_NUMBER_OBJECT_CONVERSION = YES_AGGRESSIVE;
				CLANG_CXX_LANGUAGE_STANDARD = "gnu++17";
				CLANG_ENABLE_MODULES = YES;
				CLANG_ENABLE_OBJC_ARC = YES;
				CLANG_ENABLE_OBJC_WEAK = YES;
				CLANG_WARN_BLOCK_CAPTURE_AUTORELEASING = YES;
				CLANG_WARN_BOOL_CONVERSION = YES;
				CLANG_WARN_COMMA = YES;
				CLANG_WARN_CONSTANT_CONVERSION = YES;
				CLANG_WARN_DEPRECATED_OBJC_IMPLEMENTATIONS = YES;
				CLANG_WARN_DIRECT_OBJC_ISA_USAGE = YES_ERROR;
				CLANG_WARN_DOCUMENTATION_COMMENTS = YES;
				CLANG_WARN_EMPTY_BODY = YES;
				CLANG_WARN_ENUM_CONVERSION = YES;
				CLANG_WARN_INFINITE_RECURSION = YES;
				CLANG_WARN_INT_CONVERSION = YES;
				CLANG_WARN_NON_LITERAL_NULL_CONVERSION = YES;
				CLANG_WARN_OBJC_IMPLICIT_RETAIN_SELF = YES;
				CLANG_WARN_OBJC_LITERAL_CONVERSION = YES;
				CLANG_WARN_OBJC_ROOT_CLASS = YES_ERROR;
				CLANG_WARN_QUOTED_INCLUDE_IN_FRAMEWORK_HEADER = YES;
				CLANG_WARN_RANGE_LOOP_ANALYSIS = YES;
				CLANG_WARN_STRICT_PROTOTYPES = YES;
				CLANG_WARN_SUSPICIOUS_MOVE = YES;
				CLANG_WARN_UNGUARDED_AVAILABILITY = YES_AGGRESSIVE;
				CLANG_WARN_UNREACHABLE_CODE = YES;
				CLANG_WARN__DUPLICATE_METHOD_MATCH = YES;
				COPY_PHASE_STRIP = NO;
				DEBUG_INFORMATION_FORMAT = "dwarf-with-dsym";
				ENABLE_NS_ASSERTIONS = NO;
				ENABLE_STRICT_OBJC_MSGSEND = YES;
				GCC_C_LANGUAGE_STANDARD = gnu11;
				GCC_NO_COMMON_BLOCKS = YES;
				GCC_WARN_64_TO_32_BIT_CONVERSION = YES;
				GCC_WARN_ABOUT_RETURN_TYPE = YES_ERROR;
				GCC_WARN_UNDECLARED_SELECTOR = YES;
				GCC_WARN_UNINITIALIZED_AUTOS = YES_AGGRESSIVE;
				GCC_WARN_UNUSED_FUNCTION = YES;
				GCC_WARN_UNUSED_VARIABLE = YES;
				IPHONEOS_DEPLOYMENT_TARGET = 15.5;
				MTL_ENABLE_DEBUG_INFO = NO;
				MTL_FAST_MATH = YES;
				SDKROOT = iphoneos;
				SWIFT_COMPILATION_MODE = wholemodule;
				SWIFT_OPTIMIZATION_LEVEL = "-O";
				VALIDATE_PRODUCT = YES;
			};
			name = Release;
		};
		2E713F2628A0A84300D3C7E8 /* Debug */ = {
			isa = XCBuildConfiguration;
			baseConfigurationReference = 8598A097C069434909FE348F /* Pods-MyPocketMoneyManager.debug.xcconfig */;
			buildSettings = {
				ASSETCATALOG_COMPILER_APPICON_NAME = AppIcon;
				ASSETCATALOG_COMPILER_GLOBAL_ACCENT_COLOR_NAME = AccentColor;
				CODE_SIGN_STYLE = Automatic;
				CURRENT_PROJECT_VERSION = 2;
				DEVELOPMENT_TEAM = 6KK4X5W5E4;
				EXCLUDED_ARCHS = "";
				"EXCLUDED_ARCHS[sdk=iphonesimulator*]" = "arm64 i386";
				GENERATE_INFOPLIST_FILE = YES;
				INFOPLIST_FILE = MyPocketMoneyManager/Info.plist;
				INFOPLIST_KEY_CFBundleDisplayName = "俺の小遣い帳";
				INFOPLIST_KEY_UIApplicationSupportsIndirectInputEvents = YES;
				INFOPLIST_KEY_UILaunchStoryboardName = LaunchScreen;
				INFOPLIST_KEY_UIMainStoryboardFile = Main;
				INFOPLIST_KEY_UISupportedInterfaceOrientations_iPad = "UIInterfaceOrientationPortrait UIInterfaceOrientationPortraitUpsideDown UIInterfaceOrientationLandscapeLeft UIInterfaceOrientationLandscapeRight";
				INFOPLIST_KEY_UISupportedInterfaceOrientations_iPhone = "UIInterfaceOrientationPortrait UIInterfaceOrientationLandscapeLeft UIInterfaceOrientationLandscapeRight";
				INFOPLIST_KEY_UIUserInterfaceStyle = Light;
				LD_RUNPATH_SEARCH_PATHS = (
					"$(inherited)",
					"@executable_path/Frameworks",
				);
				MARKETING_VERSION = 1.1.0;
				PRODUCT_BUNDLE_IDENTIFIER = jp.pippine.app.MyPocketMoneyManager;
				PRODUCT_NAME = "$(TARGET_NAME)";
				SWIFT_EMIT_LOC_STRINGS = YES;
				SWIFT_VERSION = 5.0;
				TARGETED_DEVICE_FAMILY = "1,2";
			};
			name = Debug;
		};
		2E713F2728A0A84300D3C7E8 /* Release */ = {
			isa = XCBuildConfiguration;
			baseConfigurationReference = 0C5E8F5CE39EFF1EF3293036 /* Pods-MyPocketMoneyManager.release.xcconfig */;
			buildSettings = {
				ASSETCATALOG_COMPILER_APPICON_NAME = AppIcon;
				ASSETCATALOG_COMPILER_GLOBAL_ACCENT_COLOR_NAME = AccentColor;
				CODE_SIGN_STYLE = Automatic;
				CURRENT_PROJECT_VERSION = 2;
				DEVELOPMENT_TEAM = 6KK4X5W5E4;
				"EXCLUDED_ARCHS[sdk=iphonesimulator*]" = "arm64 i386";
				GENERATE_INFOPLIST_FILE = YES;
				INFOPLIST_FILE = MyPocketMoneyManager/Info.plist;
				INFOPLIST_KEY_CFBundleDisplayName = "俺の小遣い帳";
				INFOPLIST_KEY_UIApplicationSupportsIndirectInputEvents = YES;
				INFOPLIST_KEY_UILaunchStoryboardName = LaunchScreen;
				INFOPLIST_KEY_UIMainStoryboardFile = Main;
				INFOPLIST_KEY_UISupportedInterfaceOrientations_iPad = "UIInterfaceOrientationPortrait UIInterfaceOrientationPortraitUpsideDown UIInterfaceOrientationLandscapeLeft UIInterfaceOrientationLandscapeRight";
				INFOPLIST_KEY_UISupportedInterfaceOrientations_iPhone = "UIInterfaceOrientationPortrait UIInterfaceOrientationLandscapeLeft UIInterfaceOrientationLandscapeRight";
				INFOPLIST_KEY_UIUserInterfaceStyle = Light;
				LD_RUNPATH_SEARCH_PATHS = (
					"$(inherited)",
					"@executable_path/Frameworks",
				);
				MARKETING_VERSION = 1.1.0;
				PRODUCT_BUNDLE_IDENTIFIER = jp.pippine.app.MyPocketMoneyManager;
				PRODUCT_NAME = "$(TARGET_NAME)";
				SWIFT_EMIT_LOC_STRINGS = YES;
				SWIFT_VERSION = 5.0;
				TARGETED_DEVICE_FAMILY = "1,2";
			};
			name = Release;
		};
/* End XCBuildConfiguration section */

/* Begin XCConfigurationList section */
		2E713F0928A0A84200D3C7E8 /* Build configuration list for PBXProject "MyPocketMoneyManager" */ = {
			isa = XCConfigurationList;
			buildConfigurations = (
				2E713F2328A0A84300D3C7E8 /* Debug */,
				2E713F2428A0A84300D3C7E8 /* Release */,
			);
			defaultConfigurationIsVisible = 0;
			defaultConfigurationName = Release;
		};
		2E713F2528A0A84300D3C7E8 /* Build configuration list for PBXNativeTarget "MyPocketMoneyManager" */ = {
			isa = XCConfigurationList;
			buildConfigurations = (
				2E713F2628A0A84300D3C7E8 /* Debug */,
				2E713F2728A0A84300D3C7E8 /* Release */,
			);
			defaultConfigurationIsVisible = 0;
			defaultConfigurationName = Release;
		};
/* End XCConfigurationList section */

/* Begin XCVersionGroup section */
		2E713F1A28A0A84200D3C7E8 /* MyPocketMoneyManager.xcdatamodeld */ = {
			isa = XCVersionGroup;
			children = (
				2E713F1B28A0A84200D3C7E8 /* EasyPcketMoneyManager.xcdatamodel */,
			);
			currentVersion = 2E713F1B28A0A84200D3C7E8 /* EasyPcketMoneyManager.xcdatamodel */;
			path = MyPocketMoneyManager.xcdatamodeld;
			sourceTree = "<group>";
			versionGroupType = wrapper.xcdatamodel;
		};
/* End XCVersionGroup section */
	};
	rootObject = 2E713F0628A0A84200D3C7E8 /* Project object */;
}
